
Microsoft Visual Studio Solution File, Format Version 12.00
# Visual Studio Version 16
VisualStudioVersion = 16.0.30204.135
MinimumVisualStudioVersion = 10.0.40219.1
Project("{FAE04EC0-301F-11D3-BF4B-00C04F79EFBC}") = "SecurityWeb", "SecurityWeb\SecurityWeb.csproj", "{86103122-2703-489E-986E-7774BE2C9D8D}"
EndProject
Global
	GlobalSection(SolutionConfigurationPlatforms) = preSolution
		Debug|Any CPU = Debug|Any CPU
		Release|Any CPU = Release|Any CPU
	EndGlobalSection
	GlobalSection(ProjectConfigurationPlatforms) = postSolution
		{86103122-2703-489E-986E-7774BE2C9D8D}.Debug|Any CPU.ActiveCfg = Debug|Any CPU
		{86103122-2703-489E-986E-7774BE2C9D8D}.Debug|Any CPU.Build.0 = Debug|Any CPU
		{86103122-2703-489E-986E-7774BE2C9D8D}.Release|Any CPU.ActiveCfg = Release|Any CPU
		{86103122-2703-489E-986E-7774BE2C9D8D}.Release|Any CPU.Build.0 = Release|Any CPU
	EndGlobalSection
	GlobalSection(SolutionProperties) = preSolution
		HideSolutionNode = FALSE
	EndGlobalSection
	GlobalSection(ExtensibilityGlobals) = postSolution
		SolutionGuid = {747A14E7-0162-4AE8-81F2-FE05317FA9E7}
	EndGlobalSection
EndGlobal
